Microsoft Visual Studio Solution File, Format Version 12.00
# Visual Studio Version 17
VisualStudioVersion = 17.5.2.0
MinimumVisualStudioVersion = 10.0.40219.1
Project("{FAE04EC0-301F-11D3-BF4B-00C04F79EFBC}") = "ValoracionesApi", "ValoracionesApi.csproj", "{117E52C2-5991-3681-DEB9-1414C1EDACB1}"
EndProject
Global
	GlobalSection(SolutionConfigurationPlatforms) = preSolution
		Debug|Any CPU = Debug|Any CPU
		Release|Any CPU = Release|Any CPU
	EndGlobalSection
	GlobalSection(ProjectConfigurationPlatforms) = postSolution
		{117E52C2-5991-3681-DEB9-1414C1EDACB1}.Debug|Any CPU.ActiveCfg = Debug|Any CPU
		{117E52C2-5991-3681-DEB9-1414C1EDACB1}.Debug|Any CPU.Build.0 = Debug|Any CPU
		{117E52C2-5991-3681-DEB9-1414C1EDACB1}.Release|Any CPU.ActiveCfg = Release|Any CPU
		{117E52C2-5991-3681-DEB9-1414C1EDACB1}.Release|Any CPU.Build.0 = Release|Any CPU
	EndGlobalSection
	GlobalSection(SolutionProperties) = preSolution
		HideSolutionNode = FALSE
	EndGlobalSection
	GlobalSection(ExtensibilityGlobals) = postSolution
		SolutionGuid = {5B93B162-10BE-4260-BD62-2799908DEDC8}
	EndGlobalSection
EndGlobal
